
Microsoft Visual Studio Solution File, Format Version 12.00
# Visual Studio Version 16
VisualStudioVersion = 16.0.29806.167
MinimumVisualStudioVersion = 10.0.40219.1
Project("{FAE04EC0-301F-11D3-BF4B-00C04F79EFBC}") = "AbstractSushi-BarView", "AbstractSushi-BarView\AbstractSushi-BarView.csproj", "{43FAE396-42B6-4E39-8CB9-52CD8CF22923}"
EndProject
Project("{9A19103F-16F7-4668-BE54-9A1E7A4F7556}") = "AbstractSushi_BarBusinessLogic", "AbstractSushi-BarBusinessLogic\AbstractSushi_BarBusinessLogic.csproj", "{4190DAC8-F1DD-4CE3-9C61-DB631CEC09E2}"
EndProject
Project("{9A19103F-16F7-4668-BE54-9A1E7A4F7556}") = "AbstractSushi_BarListImplement", "AbstractSushi_BarListImplement\AbstractSushi_BarListImplement.csproj", "{ADABF8F1-DA18-4DC4-95B0-0653EA413DEC}"
EndProject
Project("{9A19103F-16F7-4668-BE54-9A1E7A4F7556}") = "AbstractSushi_BarFileImplement", "AbstractSushi_BarFileImplement\AbstractSushi_BarFileImplement.csproj", "{8DEFE89E-5BBD-48CE-9B06-25575C1178A9}"
EndProject
Project("{9A19103F-16F7-4668-BE54-9A1E7A4F7556}") = "AbstractSushiBarDatabaseImplement", "AbstractSushiBarDatabaseImplement\AbstractSushiBarDatabaseImplement.csproj", "{C5ABB815-E74B-4C23-81B9-759FEDE296CE}"
EndProject
Project("{FAE04EC0-301F-11D3-BF4B-00C04F79EFBC}") = "SushiBarRestApi", "SushiBarRestApi\SushiBarRestApi.csproj", "{3BBBF6F1-671C-419A-A786-F42174203A4C}"
EndProject
Project("{FAE04EC0-301F-11D3-BF4B-00C04F79EFBC}") = "SushiBarClientApp", "SushiBarClientApp\SushiBarClientApp.csproj", "{BC789EE8-875E-4EFF-A534-EB9C0107605E}"
EndProject
Global
	GlobalSection(SolutionConfigurationPlatforms) = preSolution
		Debug|Any CPU = Debug|Any CPU
		Release|Any CPU = Release|Any CPU
	EndGlobalSection
	GlobalSection(ProjectConfigurationPlatforms) = postSolution
		{43FAE396-42B6-4E39-8CB9-52CD8CF22923}.Debug|Any CPU.ActiveCfg = Debug|Any CPU
		{43FAE396-42B6-4E39-8CB9-52CD8CF22923}.Debug|Any CPU.Build.0 = Debug|Any CPU
		{43FAE396-42B6-4E39-8CB9-52CD8CF22923}.Release|Any CPU.ActiveCfg = Release|Any CPU
		{43FAE396-42B6-4E39-8CB9-52CD8CF22923}.Release|Any CPU.Build.0 = Release|Any CPU
		{4190DAC8-F1DD-4CE3-9C61-DB631CEC09E2}.Debug|Any CPU.ActiveCfg = Debug|Any CPU
		{4190DAC8-F1DD-4CE3-9C61-DB631CEC09E2}.Debug|Any CPU.Build.0 = Debug|Any CPU
		{4190DAC8-F1DD-4CE3-9C61-DB631CEC09E2}.Release|Any CPU.ActiveCfg = Release|Any CPU
		{4190DAC8-F1DD-4CE3-9C61-DB631CEC09E2}.Release|Any CPU.Build.0 = Release|Any CPU
		{ADABF8F1-DA18-4DC4-95B0-0653EA413DEC}.Debug|Any CPU.ActiveCfg = Debug|Any CPU
		{ADABF8F1-DA18-4DC4-95B0-0653EA413DEC}.Debug|Any CPU.Build.0 = Debug|Any CPU
		{ADABF8F1-DA18-4DC4-95B0-0653EA413DEC}.Release|Any CPU.ActiveCfg = Release|Any CPU
		{ADABF8F1-DA18-4DC4-95B0-0653EA413DEC}.Release|Any CPU.Build.0 = Release|Any CPU
		{8DEFE89E-5BBD-48CE-9B06-25575C1178A9}.Debug|Any CPU.ActiveCfg = Debug|Any CPU
		{8DEFE89E-5BBD-48CE-9B06-25575C1178A9}.Debug|Any CPU.Build.0 = Debug|Any CPU
		{8DEFE89E-5BBD-48CE-9B06-25575C1178A9}.Release|Any CPU.ActiveCfg = Release|Any CPU
		{8DEFE89E-5BBD-48CE-9B06-25575C1178A9}.Release|Any CPU.Build.0 = Release|Any CPU
		{C5ABB815-E74B-4C23-81B9-759FEDE296CE}.Debug|Any CPU.ActiveCfg = Debug|Any CPU
		{C5ABB815-E74B-4C23-81B9-759FEDE296CE}.Debug|Any CPU.Build.0 = Debug|Any CPU
		{C5ABB815-E74B-4C23-81B9-759FEDE296CE}.Release|Any CPU.ActiveCfg = Release|Any CPU
		{C5ABB815-E74B-4C23-81B9-759FEDE296CE}.Release|Any CPU.Build.0 = Release|Any CPU
		{3BBBF6F1-671C-419A-A786-F42174203A4C}.Debug|Any CPU.ActiveCfg = Debug|Any CPU
		{3BBBF6F1-671C-419A-A786-F42174203A4C}.Debug|Any CPU.Build.0 = Debug|Any CPU
		{3BBBF6F1-671C-419A-A786-F42174203A4C}.Release|Any CPU.ActiveCfg = Release|Any CPU
		{3BBBF6F1-671C-419A-A786-F42174203A4C}.Release|Any CPU.Build.0 = Release|Any CPU
		{BC789EE8-875E-4EFF-A534-EB9C0107605E}.Debug|Any CPU.ActiveCfg = Debug|Any CPU
		{BC789EE8-875E-4EFF-A534-EB9C0107605E}.Debug|Any CPU.Build.0 = Debug|Any CPU
		{BC789EE8-875E-4EFF-A534-EB9C0107605E}.Release|Any CPU.ActiveCfg = Release|Any CPU
		{BC789EE8-875E-4EFF-A534-EB9C0107605E}.Release|Any CPU.Build.0 = Release|Any CPU
	EndGlobalSection
	GlobalSection(SolutionProperties) = preSolution
		HideSolutionNode = FALSE
	EndGlobalSection
	GlobalSection(ExtensibilityGlobals) = postSolution
		SolutionGuid = {16BAB75D-0B4A-42AD-AE2B-C6182564B0C1}
	EndGlobalSection
EndGlobal
